
Microsoft Visual Studio Solution File, Format Version 12.00
# Visual Studio Version 16
VisualStudioVersion = 16.0.32228.343
MinimumVisualStudioVersion = 10.0.40219.1
Project("{FAE04EC0-301F-11D3-BF4B-00C04F79EFBC}") = "TelegramTestBot", "TelegramTestBot\TelegramTestBot.csproj", "{9001E141-BC8E-4ACC-B9C8-D789F8947B44}"
EndProject
Global
	GlobalSection(SolutionConfigurationPlatforms) = preSolution
		Debug|Any CPU = Debug|Any CPU
		Release|Any CPU = Release|Any CPU
	EndGlobalSection
	GlobalSection(ProjectConfigurationPlatforms) = postSolution
		{9001E141-BC8E-4ACC-B9C8-D789F8947B44}.Debug|Any CPU.ActiveCfg = Debug|Any CPU
		{9001E141-BC8E-4ACC-B9C8-D789F8947B44}.Debug|Any CPU.Build.0 = Debug|Any CPU
		{9001E141-BC8E-4ACC-B9C8-D789F8947B44}.Release|Any CPU.ActiveCfg = Release|Any CPU
		{9001E141-BC8E-4ACC-B9C8-D789F8947B44}.Release|Any CPU.Build.0 = Release|Any CPU
	EndGlobalSection
	GlobalSection(SolutionProperties) = preSolution
		HideSolutionNode = FALSE
	EndGlobalSection
	GlobalSection(ExtensibilityGlobals) = postSolution
		SolutionGuid = {CBE0F90A-CD2C-4B45-89D9-F5279C2F6F9D}
	EndGlobalSection
EndGlobal
